
Microsoft Visual Studio Solution File, Format Version 12.00
# Visual Studio Version 17
VisualStudioVersion = 17.9.34622.214
MinimumVisualStudioVersion = 10.0.40219.1
Project("{9A19103F-16F7-4668-BE54-9A1E7A4F7556}") = "ANP_Academy", "ANP_Academy.csproj", "{047FA5DA-B031-410E-915D-D56C79F87DED}"
EndProject
Project("{FAE04EC0-301F-11D3-BF4B-00C04F79EFBC}") = "AcademiaANP.DAL", "..\AcademiaANP.DAL\AcademiaANP.DAL.csproj", "{10989573-FF5F-4999-8110-FB1691B36BFE}"
EndProject
Global
	GlobalSection(SolutionConfigurationPlatforms) = preSolution
		Debug|Any CPU = Debug|Any CPU
		Release|Any CPU = Release|Any CPU
	EndGlobalSection
	GlobalSection(ProjectConfigurationPlatforms) = postSolution
		{047FA5DA-B031-410E-915D-D56C79F87DED}.Debug|Any CPU.ActiveCfg = Debug|Any CPU
		{047FA5DA-B031-410E-915D-D56C79F87DED}.Debug|Any CPU.Build.0 = Debug|Any CPU
		{047FA5DA-B031-410E-915D-D56C79F87DED}.Release|Any CPU.ActiveCfg = Release|Any CPU
		{047FA5DA-B031-410E-915D-D56C79F87DED}.Release|Any CPU.Build.0 = Release|Any CPU
		{10989573-FF5F-4999-8110-FB1691B36BFE}.Debug|Any CPU.ActiveCfg = Debug|Any CPU
		{10989573-FF5F-4999-8110-FB1691B36BFE}.Debug|Any CPU.Build.0 = Debug|Any CPU
		{10989573-FF5F-4999-8110-FB1691B36BFE}.Release|Any CPU.ActiveCfg = Release|Any CPU
		{10989573-FF5F-4999-8110-FB1691B36BFE}.Release|Any CPU.Build.0 = Release|Any CPU
	EndGlobalSection
	GlobalSection(SolutionProperties) = preSolution
		HideSolutionNode = FALSE
	EndGlobalSection
	GlobalSection(ExtensibilityGlobals) = postSolution
		SolutionGuid = {85192F72-2508-4B5E-9FE5-32F9AF06F3BE}
	EndGlobalSection
EndGlobal
